{
  "nodes": {
    "nixpkgs": {
      "locked": {
        "lastModified": 1667750078,
        "narHash": "sha256-/WCymZCE/ll29Sy3aZJX00azsCN6qmo+JZEqsHkSnSI=",
        "owner": "nixos",
        "repo": "nixpkgs",
        "rev": "76796543e4f9c9318a22126042b804cd86a34d93",
        "type": "github"
      },
      "original": {
        "owner": "nixos",
        "repo": "nixpkgs",
        "type": "github"
      }
    },
    "root": {
      "inputs": {
        "nixpkgs": "nixpkgs"
      }
    }
  },
  "root": "root",
  "version": 7
}
